
Microsoft Visual Studio Solution File, Format Version 12.00
# Visual Studio 15
VisualStudioVersion = 15.0.26430.16
MinimumVisualStudioVersion = 10.0.40219.1
Project("{FAE04EC0-301F-11D3-BF4B-00C04F79EFBC}") = "KittyDI", "net452\KittyDI\KittyDI.csproj", "{DC96329C-48D6-4A01-A53B-431A2C5FFD17}"
EndProject
Project("{FAE04EC0-301F-11D3-BF4B-00C04F79EFBC}") = "TestKitten", "net452\TestKitten\TestKitten.csproj", "{BFCB1E3C-310B-4B11-9C05-63620385A6A3}"
EndProject
Project("{FAE04EC0-301F-11D3-BF4B-00C04F79EFBC}") = "TestClasses", "net452\TestClasses\TestClasses.csproj", "{66FC1DEC-E556-419C-A583-6642F62868BF}"
EndProject
Project("{2150E333-8FDC-42A3-9474-1A3956D46DE8}") = "net452", "net452", "{923EE497-85AC-4C9C-A842-882CC95BAFF0}"
EndProject
Project("{2150E333-8FDC-42A3-9474-1A3956D46DE8}") = "standard16", "standard16", "{2184651A-AFFF-405E-88B3-10E70B36DF64}"
EndProject
Project("{FAE04EC0-301F-11D3-BF4B-00C04F79EFBC}") = "KittyDI", "standard16\KittyDI\KittyDI.csproj", "{D63E5844-2941-4AEA-9657-82B6E061E724}"
EndProject
Global
	GlobalSection(SolutionConfigurationPlatforms) = preSolution
		Debug|Any CPU = Debug|Any CPU
		Release|Any CPU = Release|Any CPU
	EndGlobalSection
	GlobalSection(ProjectConfigurationPlatforms) = postSolution
		{DC96329C-48D6-4A01-A53B-431A2C5FFD17}.Debug|Any CPU.ActiveCfg = Debug|Any CPU
		{DC96329C-48D6-4A01-A53B-431A2C5FFD17}.Debug|Any CPU.Build.0 = Debug|Any CPU
		{DC96329C-48D6-4A01-A53B-431A2C5FFD17}.Release|Any CPU.ActiveCfg = Release|Any CPU
		{DC96329C-48D6-4A01-A53B-431A2C5FFD17}.Release|Any CPU.Build.0 = Release|Any CPU
		{BFCB1E3C-310B-4B11-9C05-63620385A6A3}.Debug|Any CPU.ActiveCfg = Debug|Any CPU
		{BFCB1E3C-310B-4B11-9C05-63620385A6A3}.Debug|Any CPU.Build.0 = Debug|Any CPU
		{BFCB1E3C-310B-4B11-9C05-63620385A6A3}.Release|Any CPU.ActiveCfg = Release|Any CPU
		{BFCB1E3C-310B-4B11-9C05-63620385A6A3}.Release|Any CPU.Build.0 = Release|Any CPU
		{66FC1DEC-E556-419C-A583-6642F62868BF}.Debug|Any CPU.ActiveCfg = Debug|Any CPU
		{66FC1DEC-E556-419C-A583-6642F62868BF}.Debug|Any CPU.Build.0 = Debug|Any CPU
		{66FC1DEC-E556-419C-A583-6642F62868BF}.Release|Any CPU.ActiveCfg = Release|Any CPU
		{66FC1DEC-E556-419C-A583-6642F62868BF}.Release|Any CPU.Build.0 = Release|Any CPU
		{D63E5844-2941-4AEA-9657-82B6E061E724}.Debug|Any CPU.ActiveCfg = Debug|Any CPU
		{D63E5844-2941-4AEA-9657-82B6E061E724}.Debug|Any CPU.Build.0 = Debug|Any CPU
		{D63E5844-2941-4AEA-9657-82B6E061E724}.Release|Any CPU.ActiveCfg = Release|Any CPU
		{D63E5844-2941-4AEA-9657-82B6E061E724}.Release|Any CPU.Build.0 = Release|Any CPU
	EndGlobalSection
	GlobalSection(SolutionProperties) = preSolution
		HideSolutionNode = FALSE
	EndGlobalSection
	GlobalSection(NestedProjects) = preSolution
		{DC96329C-48D6-4A01-A53B-431A2C5FFD17} = {923EE497-85AC-4C9C-A842-882CC95BAFF0}
		{BFCB1E3C-310B-4B11-9C05-63620385A6A3} = {923EE497-85AC-4C9C-A842-882CC95BAFF0}
		{66FC1DEC-E556-419C-A583-6642F62868BF} = {923EE497-85AC-4C9C-A842-882CC95BAFF0}
		{D63E5844-2941-4AEA-9657-82B6E061E724} = {2184651A-AFFF-405E-88B3-10E70B36DF64}
	EndGlobalSection
EndGlobal
